<?xml version="1.0" encoding="utf-8"?>
<Project ToolsVersion="4.0" xmlns="http://schemas.microsoft.com/developer/msbuild/2003">
  <ItemGroup>
    <Filter Include="Ornn">
      <UniqueIdentifier>{02558A7C-EE8B-8B0D-9778-7110838E070F}</UniqueIdentifier>
    </Filter>
  </ItemGroup>
  <ItemGroup>
    <ClInclude Include="src\Ornn.h" />
    <ClInclude Include="src\Ornn\Application.h">
      <Filter>Ornn</Filter>
    </ClInclude>
    <ClInclude Include="src\Ornn\Core.h">
      <Filter>Ornn</Filter>
    </ClInclude>
    <ClInclude Include="src\Ornn\EntryPoint.h">
      <Filter>Ornn</Filter>
    </ClInclude>
    <ClInclude Include="src\Ornn\Log.h">
      <Filter>Ornn</Filter>
    </ClInclude>
  </ItemGroup>
  <ItemGroup>
    <ClCompile Include="src\Ornn\Application.cpp">
      <Filter>Ornn</Filter>
    </ClCompile>
    <ClCompile Include="src\Ornn\Log.cpp">
      <Filter>Ornn</Filter>
    </ClCompile>
  </ItemGroup>
</Project>